
Microsoft Visual Studio Solution File, Format Version 12.00
Project("{FAE04EC0-301F-11D3-BF4B-00C04F79EFBC}") = "CNG_Converter", "CNG_Converter\CNG_Converter.csproj", "{3D98AFDD-CABA-4A22-96F1-699A2F0BCBD6}"
EndProject
Global
	GlobalSection(SolutionConfigurationPlatforms) = preSolution
		Debug|Any CPU = Debug|Any CPU
		Release|Any CPU = Release|Any CPU
	EndGlobalSection
	GlobalSection(ProjectConfigurationPlatforms) = postSolution
		{3D98AFDD-CABA-4A22-96F1-699A2F0BCBD6}.Debug|Any CPU.ActiveCfg = Debug|Any CPU
		{3D98AFDD-CABA-4A22-96F1-699A2F0BCBD6}.Debug|Any CPU.Build.0 = Debug|Any CPU
		{3D98AFDD-CABA-4A22-96F1-699A2F0BCBD6}.Release|Any CPU.ActiveCfg = Release|Any CPU
		{3D98AFDD-CABA-4A22-96F1-699A2F0BCBD6}.Release|Any CPU.Build.0 = Release|Any CPU
	EndGlobalSection
EndGlobal
