
Microsoft Visual Studio Solution File, Format Version 12.00
Project("{FAE04EC0-301F-11D3-BF4B-00C04F79EFBC}") = "CNG_Converter", "CNG_Converter\CNG_Converter.csproj", "{3D98AFDD-CABA-4A22-96F1-699A2F0BCBD6}"
EndProject
Project("{FAE04EC0-301F-11D3-BF4B-00C04F79EFBC}") = "CngImageReaderTests", "CngImageReaderTests\CngImageReaderTests.csproj", "{0C9052D0-C780-4EB8-A7FA-5BD9CA15B849}"
EndProject
Project("{FAE04EC0-301F-11D3-BF4B-00C04F79EFBC}") = "CngImageReader", "CngImageReader\CngImageReader.csproj", "{521DB79C-DE2B-4BC7-A697-A31ADC550E1E}"
EndProject
Global
	GlobalSection(SolutionConfigurationPlatforms) = preSolution
		Debug|Any CPU = Debug|Any CPU
		Release|Any CPU = Release|Any CPU
	EndGlobalSection
	GlobalSection(ProjectConfigurationPlatforms) = postSolution
		{3D98AFDD-CABA-4A22-96F1-699A2F0BCBD6}.Debug|Any CPU.ActiveCfg = Debug|Any CPU
		{3D98AFDD-CABA-4A22-96F1-699A2F0BCBD6}.Debug|Any CPU.Build.0 = Debug|Any CPU
		{3D98AFDD-CABA-4A22-96F1-699A2F0BCBD6}.Release|Any CPU.ActiveCfg = Release|Any CPU
		{3D98AFDD-CABA-4A22-96F1-699A2F0BCBD6}.Release|Any CPU.Build.0 = Release|Any CPU
		{0C9052D0-C780-4EB8-A7FA-5BD9CA15B849}.Debug|Any CPU.ActiveCfg = Debug|Any CPU
		{0C9052D0-C780-4EB8-A7FA-5BD9CA15B849}.Debug|Any CPU.Build.0 = Debug|Any CPU
		{0C9052D0-C780-4EB8-A7FA-5BD9CA15B849}.Release|Any CPU.ActiveCfg = Release|Any CPU
		{0C9052D0-C780-4EB8-A7FA-5BD9CA15B849}.Release|Any CPU.Build.0 = Release|Any CPU
		{521DB79C-DE2B-4BC7-A697-A31ADC550E1E}.Debug|Any CPU.ActiveCfg = Debug|Any CPU
		{521DB79C-DE2B-4BC7-A697-A31ADC550E1E}.Debug|Any CPU.Build.0 = Debug|Any CPU
		{521DB79C-DE2B-4BC7-A697-A31ADC550E1E}.Release|Any CPU.ActiveCfg = Release|Any CPU
		{521DB79C-DE2B-4BC7-A697-A31ADC550E1E}.Release|Any CPU.Build.0 = Release|Any CPU
	EndGlobalSection
EndGlobal
